
Microsoft Visual Studio Solution File, Format Version 12.00
# Visual Studio Version 17
VisualStudioVersion = 17.3.32901.215
MinimumVisualStudioVersion = 10.0.40219.1
Project("{FAE04EC0-301F-11D3-BF4B-00C04F79EFBC}") = "maskedtextbox", "maskedtextbox\maskedtextbox.csproj", "{9E1C1C4A-1D65-4882-B029-440FDB2B24D6}"
EndProject
Global
	GlobalSection(SolutionConfigurationPlatforms) = preSolution
		Debug|Any CPU = Debug|Any CPU
		Release|Any CPU = Release|Any CPU
	EndGlobalSection
	GlobalSection(ProjectConfigurationPlatforms) = postSolution
		{9E1C1C4A-1D65-4882-B029-440FDB2B24D6}.Debug|Any CPU.ActiveCfg = Debug|Any CPU
		{9E1C1C4A-1D65-4882-B029-440FDB2B24D6}.Debug|Any CPU.Build.0 = Debug|Any CPU
		{9E1C1C4A-1D65-4882-B029-440FDB2B24D6}.Release|Any CPU.ActiveCfg = Release|Any CPU
		{9E1C1C4A-1D65-4882-B029-440FDB2B24D6}.Release|Any CPU.Build.0 = Release|Any CPU
	EndGlobalSection
	GlobalSection(SolutionProperties) = preSolution
		HideSolutionNode = FALSE
	EndGlobalSection
	GlobalSection(ExtensibilityGlobals) = postSolution
		SolutionGuid = {7A460B72-C4EE-4A5A-B651-B78757CD288A}
	EndGlobalSection
EndGlobal
